
Microsoft Visual Studio Solution File, Format Version 12.00
# Visual Studio Version 17
VisualStudioVersion = 17.13.35931.197 d17.13
MinimumVisualStudioVersion = 10.0.40219.1
Project("{8BC9CEB8-8B4A-11D0-8D11-00A0C91BC942}") = "点和圆的关系（二维平面）", "点和圆的关系（二维平面）.vcxproj", "{A21B21AF-D8AA-416E-8728-8E486D0F5264}"
EndProject
Global
	GlobalSection(SolutionConfigurationPlatforms) = preSolution
		Debug|x64 = Debug|x64
		Debug|x86 = Debug|x86
		Release|x64 = Release|x64
		Release|x86 = Release|x86
	EndGlobalSection
	GlobalSection(ProjectConfigurationPlatforms) = postSolution
		{A21B21AF-D8AA-416E-8728-8E486D0F5264}.Debug|x64.ActiveCfg = Debug|x64
		{A21B21AF-D8AA-416E-8728-8E486D0F5264}.Debug|x64.Build.0 = Debug|x64
		{A21B21AF-D8AA-416E-8728-8E486D0F5264}.Debug|x86.ActiveCfg = Debug|Win32
		{A21B21AF-D8AA-416E-8728-8E486D0F5264}.Debug|x86.Build.0 = Debug|Win32
		{A21B21AF-D8AA-416E-8728-8E486D0F5264}.Release|x64.ActiveCfg = Release|x64
		{A21B21AF-D8AA-416E-8728-8E486D0F5264}.Release|x64.Build.0 = Release|x64
		{A21B21AF-D8AA-416E-8728-8E486D0F5264}.Release|x86.ActiveCfg = Release|Win32
		{A21B21AF-D8AA-416E-8728-8E486D0F5264}.Release|x86.Build.0 = Release|Win32
	EndGlobalSection
	GlobalSection(SolutionProperties) = preSolution
		HideSolutionNode = FALSE
	EndGlobalSection
	GlobalSection(ExtensibilityGlobals) = postSolution
		SolutionGuid = {C6892589-4718-4E75-B1E5-1117A413D56D}
	EndGlobalSection
EndGlobal
